
Microsoft Visual Studio Solution File, Format Version 12.00
# Visual Studio Version 16
VisualStudioVersion = 16.0.31019.35
MinimumVisualStudioVersion = 10.0.40219.1
Project("{FAE04EC0-301F-11D3-BF4B-00C04F79EFBC}") = "ShoppingCartWeb", "ShoppingCartWeb\ShoppingCartWeb.csproj", "{0E2B101D-067F-46EC-8F0F-536B2BE6ABBD}"
EndProject
Global
	GlobalSection(SolutionConfigurationPlatforms) = preSolution
		Debug|Any CPU = Debug|Any CPU
		Release|Any CPU = Release|Any CPU
	EndGlobalSection
	GlobalSection(ProjectConfigurationPlatforms) = postSolution
		{0E2B101D-067F-46EC-8F0F-536B2BE6ABBD}.Debug|Any CPU.ActiveCfg = Debug|Any CPU
		{0E2B101D-067F-46EC-8F0F-536B2BE6ABBD}.Debug|Any CPU.Build.0 = Debug|Any CPU
		{0E2B101D-067F-46EC-8F0F-536B2BE6ABBD}.Release|Any CPU.ActiveCfg = Release|Any CPU
		{0E2B101D-067F-46EC-8F0F-536B2BE6ABBD}.Release|Any CPU.Build.0 = Release|Any CPU
	EndGlobalSection
	GlobalSection(SolutionProperties) = preSolution
		HideSolutionNode = FALSE
	EndGlobalSection
	GlobalSection(ExtensibilityGlobals) = postSolution
		SolutionGuid = {929F983D-EBC2-49BE-8CED-F5101C172F12}
	EndGlobalSection
EndGlobal
